
Microsoft Visual Studio Solution File, Format Version 12.00
# Visual Studio Version 17
VisualStudioVersion = 17.13.35806.99
MinimumVisualStudioVersion = 10.0.40219.1
Project("{FAE04EC0-301F-11D3-BF4B-00C04F79EFBC}") = "ApiProje.WebApi", "ApiProje.WebApi\ApiProje.WebApi.csproj", "{2CD30D10-36B0-4A48-BEE3-FA88FCBCFCC1}"
EndProject
Global
	GlobalSection(SolutionConfigurationPlatforms) = preSolution
		Debug|Any CPU = Debug|Any CPU
		Release|Any CPU = Release|Any CPU
	EndGlobalSection
	GlobalSection(ProjectConfigurationPlatforms) = postSolution
		{2CD30D10-36B0-4A48-BEE3-FA88FCBCFCC1}.Debug|Any CPU.ActiveCfg = Debug|Any CPU
		{2CD30D10-36B0-4A48-BEE3-FA88FCBCFCC1}.Debug|Any CPU.Build.0 = Debug|Any CPU
		{2CD30D10-36B0-4A48-BEE3-FA88FCBCFCC1}.Release|Any CPU.ActiveCfg = Release|Any CPU
		{2CD30D10-36B0-4A48-BEE3-FA88FCBCFCC1}.Release|Any CPU.Build.0 = Release|Any CPU
	EndGlobalSection
	GlobalSection(SolutionProperties) = preSolution
		HideSolutionNode = FALSE
	EndGlobalSection
	GlobalSection(ExtensibilityGlobals) = postSolution
		SolutionGuid = {041A603D-0929-43D0-AAAE-E72A4152A838}
	EndGlobalSection
EndGlobal
